
Microsoft Visual Studio Solution File, Format Version 12.00
# Visual Studio 15
VisualStudioVersion = 15.0.28306.52
MinimumVisualStudioVersion = 10.0.40219.1
Project("{FAE04EC0-301F-11D3-BF4B-00C04F79EFBC}") = "Palindrome", "Palindrome\Palindrome.csproj", "{9D9A8558-C959-495D-8E7A-359F08D0CD57}"
EndProject
Global
	GlobalSection(SolutionConfigurationPlatforms) = preSolution
		Debug|Any CPU = Debug|Any CPU
		Release|Any CPU = Release|Any CPU
	EndGlobalSection
	GlobalSection(ProjectConfigurationPlatforms) = postSolution
		{9D9A8558-C959-495D-8E7A-359F08D0CD57}.Debug|Any CPU.ActiveCfg = Debug|Any CPU
		{9D9A8558-C959-495D-8E7A-359F08D0CD57}.Debug|Any CPU.Build.0 = Debug|Any CPU
		{9D9A8558-C959-495D-8E7A-359F08D0CD57}.Release|Any CPU.ActiveCfg = Release|Any CPU
		{9D9A8558-C959-495D-8E7A-359F08D0CD57}.Release|Any CPU.Build.0 = Release|Any CPU
	EndGlobalSection
	GlobalSection(SolutionProperties) = preSolution
		HideSolutionNode = FALSE
	EndGlobalSection
	GlobalSection(ExtensibilityGlobals) = postSolution
		SolutionGuid = {A02793EE-316D-4FFD-B25A-CD7125B98143}
	EndGlobalSection
EndGlobal
